
Microsoft Visual Studio Solution File, Format Version 12.00
# Visual Studio Version 16
VisualStudioVersion = 16.0.31321.278
MinimumVisualStudioVersion = 10.0.40219.1
Project("{FAE04EC0-301F-11D3-BF4B-00C04F79EFBC}") = "IdentityUserRoleManagement", "IdentityUserRoleManagement\IdentityUserRoleManagement.csproj", "{DEFEAB8D-49D3-4633-91B4-259A356897EF}"
EndProject
Global
	GlobalSection(SolutionConfigurationPlatforms) = preSolution
		Debug|Any CPU = Debug|Any CPU
		Release|Any CPU = Release|Any CPU
	EndGlobalSection
	GlobalSection(ProjectConfigurationPlatforms) = postSolution
		{DEFEAB8D-49D3-4633-91B4-259A356897EF}.Debug|Any CPU.ActiveCfg = Debug|Any CPU
		{DEFEAB8D-49D3-4633-91B4-259A356897EF}.Debug|Any CPU.Build.0 = Debug|Any CPU
		{DEFEAB8D-49D3-4633-91B4-259A356897EF}.Release|Any CPU.ActiveCfg = Release|Any CPU
		{DEFEAB8D-49D3-4633-91B4-259A356897EF}.Release|Any CPU.Build.0 = Release|Any CPU
	EndGlobalSection
	GlobalSection(SolutionProperties) = preSolution
		HideSolutionNode = FALSE
	EndGlobalSection
	GlobalSection(ExtensibilityGlobals) = postSolution
		SolutionGuid = {480CF2DB-812D-422F-BF33-7AE57CE8B6ED}
	EndGlobalSection
EndGlobal
